
Microsoft Visual Studio Solution File, Format Version 12.00
# Visual Studio Version 17
VisualStudioVersion = 17.6.33815.320
MinimumVisualStudioVersion = 10.0.40219.1
Project("{FAE04EC0-301F-11D3-BF4B-00C04F79EFBC}") = "CarShopPro", "CarShopPro\CarShopPro.csproj", "{451740CA-FC1A-4A25-B2DF-B83D42932795}"
EndProject
Project("{FAE04EC0-301F-11D3-BF4B-00C04F79EFBC}") = "CarShopProDB", "CarShopProDB\CarShopProDB.csproj", "{D574B0B2-721A-4267-9EDD-49B7019FBFBC}"
EndProject
Global
	GlobalSection(SolutionConfigurationPlatforms) = preSolution
		Debug|Any CPU = Debug|Any CPU
		Release|Any CPU = Release|Any CPU
	EndGlobalSection
	GlobalSection(ProjectConfigurationPlatforms) = postSolution
		{451740CA-FC1A-4A25-B2DF-B83D42932795}.Debug|Any CPU.ActiveCfg = Debug|Any CPU
		{451740CA-FC1A-4A25-B2DF-B83D42932795}.Debug|Any CPU.Build.0 = Debug|Any CPU
		{451740CA-FC1A-4A25-B2DF-B83D42932795}.Release|Any CPU.ActiveCfg = Release|Any CPU
		{451740CA-FC1A-4A25-B2DF-B83D42932795}.Release|Any CPU.Build.0 = Release|Any CPU
		{D574B0B2-721A-4267-9EDD-49B7019FBFBC}.Debug|Any CPU.ActiveCfg = Debug|Any CPU
		{D574B0B2-721A-4267-9EDD-49B7019FBFBC}.Debug|Any CPU.Build.0 = Debug|Any CPU
		{D574B0B2-721A-4267-9EDD-49B7019FBFBC}.Release|Any CPU.ActiveCfg = Release|Any CPU
		{D574B0B2-721A-4267-9EDD-49B7019FBFBC}.Release|Any CPU.Build.0 = Release|Any CPU
	EndGlobalSection
	GlobalSection(SolutionProperties) = preSolution
		HideSolutionNode = FALSE
	EndGlobalSection
	GlobalSection(ExtensibilityGlobals) = postSolution
		SolutionGuid = {D5C11377-C06D-4170-9EF1-892C49861DB7}
	EndGlobalSection
EndGlobal
